// !$*UTF8*$!
{
	archiveVersion = 1;
	classes = {
	};
	objectVersion = 50;
	objects = {

/* Begin PBXBuildFile section */
		637898B8248C8B2E00EFD744 /* AppDelegate.swift in Sources */ = {isa = PBXBuildFile; fileRef = 637898B7248C8B2E00EFD744 /* AppDelegate.swift */; };
		637898BA248C8B2E00EFD744 /* SceneDelegate.swift in Sources */ = {isa = PBXBuildFile; fileRef = 637898B9248C8B2E00EFD744 /* SceneDelegate.swift */; };
		637898BC248C8B2E00EFD744 /* ViewController.swift in Sources */ = {isa = PBXBuildFile; fileRef = 637898BB248C8B2E00EFD744 /* ViewController.swift */; };
		637898BF248C8B2E00EFD744 /* Main.storyboard in Resources */ = {isa = PBXBuildFile; fileRef = 637898BD248C8B2E00EFD744 /* Main.storyboard */; };
		637898C1248C8B3000EFD744 /* Assets.xcassets in Resources */ = {isa = PBXBuildFile; fileRef = 637898C0248C8B3000EFD744 /* Assets.xcassets */; };
		637898C4248C8B3000EFD744 /* LaunchScreen.storyboard in Resources */ = {isa = PBXBuildFile; fileRef = 637898C2248C8B3000EFD744 /* LaunchScreen.storyboard */; };
		637898CF248C8B3000EFD744 /* Test3Tests.swift in Sources */ = {isa = PBXBuildFile; fileRef = 637898CE248C8B3000EFD744 /* Test3Tests.swift */; };
		637898DA248C8B3000EFD744 /* Test3UITests.swift in Sources */ = {isa = PBXBuildFile; fileRef = 637898D9248C8B3000EFD744 /* Test3UITests.swift */; };
/* End PBXBuildFile section */

/* Begin PBXContainerItemProxy section */
		637898CB248C8B3000EFD744 /* PBXContainerItemProxy */ = {
			isa = PBXContainerItemProxy;
			containerPortal = 637898AC248C8B2E00EFD744 /* Project object */;
			proxyType = 1;
			remoteGlobalIDString = 637898B3248C8B2E00EFD744;
			remoteInfo = Test3;
		};
		637898D6248C8B3000EFD744 /* PBXContainerItemProxy */ = {
			isa = PBXContainerItemProxy;
			containerPortal = 637898AC248C8B2E00EFD744 /* Project object */;
			proxyType = 1;
			remoteGlobalIDString = 637898B3248C8B2E00EFD744;
			remoteInfo = Test3;
		};
/* End PBXContainerItemProxy section */

/* Begin PBXFileReference section */
		637898B4248C8B2E00EFD744 /* Test3.app */ = {isa = PBXFileReference; explicitFileType = wrapper.application; includeInIndex = 0; path = Test3.app; sourceTree = BUILT_PRODUCTS_DIR; };
		637898B7248C8B2E00EFD744 /* AppDelegate.swift */ = {isa = PBXFileReference; lastKnownFileType = sourcecode.swift; path = AppDelegate.swift; sourceTree = "<group>"; };
		637898B9248C8B2E00EFD744 /* SceneDelegate.swift */ = {isa = PBXFileReference; lastKnownFileType = sourcecode.swift; path = SceneDelegate.swift; sourceTree = "<group>"; };
		637898BB248C8B2E00EFD744 /* ViewController.swift */ = {isa = PBXFileReference; lastKnownFileType = sourcecode.swift; path = ViewController.swift; sourceTree = "<group>"; };
		637898BE248C8B2E00EFD744 /* Base */ = {isa = PBXFileReference; lastKnownFileType = file.storyboard; name = Base; path = Base.lproj/Main.storyboard; sourceTree = "<group>"; };
		637898C0248C8B3000EFD744 /* Assets.xcassets */ = {isa = PBXFileReference; lastKnownFileType = folder.assetcatalog; path = Assets.xcassets; sourceTree = "<group>"; };
		637898C3248C8B3000EFD744 /* Base */ = {isa = PBXFileReference; lastKnownFileType = file.storyboard; name = Base; path = Base.lproj/LaunchScreen.storyboard; sourceTree = "<group>"; };
		637898C5248C8B3000EFD744 /* Info.plist */ = {isa = PBXFileReference; lastKnownFileType = text.plist.xml; path = Info.plist; sourceTree = "<group>"; };
		637898CA248C8B3000EFD744 /* Test3Tests.xctest */ = {isa = PBXFileReference; explicitFileType = wrapper.cfbundle; includeInIndex = 0; path = Test3Tests.xctest; sourceTree = BUILT_PRODUCTS_DIR; };
		637898CE248C8B3000EFD744 /* Test3Tests.swift */ = {isa = PBXFileReference; lastKnownFileType = sourcecode.swift; path = Test3Tests.swift; sourceTree = "<group>"; };
		637898D0248C8B3000EFD744 /* Info.plist */ = {isa = PBXFileReference; lastKnownFileType = text.plist.xml; path = Info.plist; sourceTree = "<group>"; };
		637898D5248C8B3000EFD744 /* Test3UITests.xctest */ = {isa = PBXFileReference; explicitFileType = wrapper.cfbundle; includeInIndex = 0; path = Test3UITests.xctest; sourceTree = BUILT_PRODUCTS_DIR; };
		637898D9248C8B3000EFD744 /* Test3UITests.swift */ = {isa = PBXFileReference; lastKnownFileType = sourcecode.swift; path = Test3UITests.swift; sourceTree = "<group>"; };
		637898DB248C8B3000EFD744 /* Info.plist */ = {isa = PBXFileReference; lastKnownFileType = text.plist.xml; path = Info.plist; sourceTree = "<group>"; };
/* End PBXFileReference section */

/* Begin PBXFrameworksBuildPhase section */
		637898B1248C8B2E00EFD744 /* Frameworks */ = {
			isa = PBXFrameworksBuildPhase;
			buildActionMask = 2147483647;
			files = (
			);
			runOnlyForDeploymentPostprocessing = 0;
		};
		637898C7248C8B3000EFD744 /* Frameworks */ = {
			isa = PBXFrameworksBuildPhase;
			buildActionMask = 2147483647;
			files = (
			);
			runOnlyForDeploymentPostprocessing = 0;
		};
		637898D2248C8B3000EFD744 /* Frameworks */ = {
			isa = PBXFrameworksBuildPhase;
			buildActionMask = 2147483647;
			files = (
			);
			runOnlyForDeploymentPostprocessing = 0;
		};
/* End PBXFrameworksBuildPhase section */

/* Begin PBXGroup section */
		637898AB248C8B2E00EFD744 = {
			isa = PBXGroup;
			children = (
				637898B6248C8B2E00EFD744 /* Test3 */,
				637898CD248C8B3000EFD744 /* Test3Tests */,
				637898D8248C8B3000EFD744 /* Test3UITests */,
				637898B5248C8B2E00EFD744 /* Products */,
			);
			sourceTree = "<group>";
		};
		637898B5248C8B2E00EFD744 /* Products */ = {
			isa = PBXGroup;
			children = (
				637898B4248C8B2E00EFD744 /* Test3.app */,
				637898CA248C8B3000EFD744 /* Test3Tests.xctest */,
				637898D5248C8B3000EFD744 /* Test3UITests.xctest */,
			);
			name = Products;
			sourceTree = "<group>";
		};
		637898B6248C8B2E00EFD744 /* Test3 */ = {
			isa = PBXGroup;
			children = (
				637898B7248C8B2E00EFD744 /* AppDelegate.swift */,
				637898B9248C8B2E00EFD744 /* SceneDelegate.swift */,
				637898BB248C8B2E00EFD744 /* ViewController.swift */,
				637898BD248C8B2E00EFD744 /* Main.storyboard */,
				637898C0248C8B3000EFD744 /* Assets.xcassets */,
				637898C2248C8B3000EFD744 /* LaunchScreen.storyboard */,
				637898C5248C8B3000EFD744 /* Info.plist */,
			);
			path = Test3;
			sourceTree = "<group>";
		};
		637898CD248C8B3000EFD744 /* Test3Tests */ = {
			isa = PBXGroup;
			children = (
				637898CE248C8B3000EFD744 /* Test3Tests.swift */,
				637898D0248C8B3000EFD744 /* Info.plist */,
			);
			path = Test3Tests;
			sourceTree = "<group>";
		};
		637898D8248C8B3000EFD744 /* Test3UITests */ = {
			isa = PBXGroup;
			children = (
				637898D9248C8B3000EFD744 /* Test3UITests.swift */,
				637898DB248C8B3000EFD744 /* Info.plist */,
			);
			path = Test3UITests;
			sourceTree = "<group>";
		};
/* End PBXGroup section */

/* Begin PBXNativeTarget section */
		637898B3248C8B2E00EFD744 /* Test3 */ = {
			isa = PBXNativeTarget;
			buildConfigurationList = 637898DE248C8B3000EFD744 /* Build configuration list for PBXNativeTarget "Test3" */;
			buildPhases = (
				637898B0248C8B2E00EFD744 /* Sources */,
				637898B1248C8B2E00EFD744 /* Frameworks */,
				637898B2248C8B2E00EFD744 /* Resources */,
			);
			buildRules = (
			);
			dependencies = (
			);
			name = Test3;
			productName = Test3;
			productReference = 637898B4248C8B2E00EFD744 /* Test3.app */;
			productType = "com.apple.product-type.application";
		};
		637898C9248C8B3000EFD744 /* Test3Tests */ = {
			isa = PBXNativeTarget;
			buildConfigurationList = 637898E1248C8B3000EFD744 /* Build configuration list for PBXNativeTarget "Test3Tests" */;
			buildPhases = (
				637898C6248C8B3000EFD744 /* Sources */,
				637898C7248C8B3000EFD744 /* Frameworks */,
				637898C8248C8B3000EFD744 /* Resources */,
			);
			buildRules = (
			);
			dependencies = (
				637898CC248C8B3000EFD744 /* PBXTargetDependency */,
			);
			name = Test3Tests;
			productName = Test3Tests;
			productReference = 637898CA248C8B3000EFD744 /* Test3Tests.xctest */;
			productType = "com.apple.product-type.bundle.unit-test";
		};
		637898D4248C8B3000EFD744 /* Test3UITests */ = {
			isa = PBXNativeTarget;
			buildConfigurationList = 637898E4248C8B3000EFD744 /* Build configuration list for PBXNativeTarget "Test3UITests" */;
			buildPhases = (
				637898D1248C8B3000EFD744 /* Sources */,
				637898D2248C8B3000EFD744 /* Frameworks */,
				637898D3248C8B3000EFD744 /* Resources */,
			);
			buildRules = (
			);
			dependencies = (
				637898D7248C8B3000EFD744 /* PBXTargetDependency */,
			);
			name = Test3UITests;
			productName = Test3UITests;
			productReference = 637898D5248C8B3000EFD744 /* Test3UITests.xctest */;
			productType = "com.apple.product-type.bundle.ui-testing";
		};
/* End PBXNativeTarget section */

/* Begin PBXProject section */
		637898AC248C8B2E00EFD744 /* Project object */ = {
			isa = PBXProject;
			attributes = {
				LastSwiftUpdateCheck = 1150;
				LastUpgradeCheck = 1150;
				ORGANIZATIONNAME = maya;
				TargetAttributes = {
					637898B3248C8B2E00EFD744 = {
						CreatedOnToolsVersion = 11.5;
					};
					637898C9248C8B3000EFD744 = {
						CreatedOnToolsVersion = 11.5;
						TestTargetID = 637898B3248C8B2E00EFD744;
					};
					637898D4248C8B3000EFD744 = {
						CreatedOnToolsVersion = 11.5;
						TestTargetID = 637898B3248C8B2E00EFD744;
					};
				};
			};
			buildConfigurationList = 637898AF248C8B2E00EFD744 /* Build configuration list for PBXProject "Test3" */;
			compatibilityVersion = "Xcode 9.3";
			developmentRegion = en;
			hasScannedForEncodings = 0;
			knownRegions = (
				en,
				Base,
			);
			mainGroup = 637898AB248C8B2E00EFD744;
			productRefGroup = 637898B5248C8B2E00EFD744 /* Products */;
			projectDirPath = "";
			projectRoot = "";
			targets = (
				637898B3248C8B2E00EFD744 /* Test3 */,
				637898C9248C8B3000EFD744 /* Test3Tests */,
				637898D4248C8B3000EFD744 /* Test3UITests */,
			);
		};
/* End PBXProject section */

/* Begin PBXResourcesBuildPhase section */
		637898B2248C8B2E00EFD744 /* Resources */ = {
			isa = PBXResourcesBuildPhase;
			buildActionMask = 2147483647;
			files = (
				637898C4248C8B3000EFD744 /* LaunchScreen.storyboard in Resources */,
				637898C1248C8B3000EFD744 /* Assets.xcassets in Resources */,
				637898BF248C8B2E00EFD744 /* Main.storyboard in Resources */,
			);
			runOnlyForDeploymentPostprocessing = 0;
		};
		637898C8248C8B3000EFD744 /* Resources */ = {
			isa = PBXResourcesBuildPhase;
			buildActionMask = 2147483647;
			files = (
			);
			runOnlyForDeploymentPostprocessing = 0;
		};
		637898D3248C8B3000EFD744 /* Resources */ = {
			isa = PBXResourcesBuildPhase;
			buildActionMask = 2147483647;
			files = (
			);
			runOnlyForDeploymentPostprocessing = 0;
		};
/* End PBXResourcesBuildPhase section */

/* Begin PBXSourcesBuildPhase section */
		637898B0248C8B2E00EFD744 /* Sources */ = {
			isa = PBXSourcesBuildPhase;
			buildActionMask = 2147483647;
			files = (
				637898BC248C8B2E00EFD744 /* ViewController.swift in Sources */,
				637898B8248C8B2E00EFD744 /* AppDelegate.swift in Sources */,
				637898BA248C8B2E00EFD744 /* SceneDelegate.swift in Sources */,
			);
			runOnlyForDeploymentPostprocessing = 0;
		};
		637898C6248C8B3000EFD744 /* Sources */ = {
			isa = PBXSourcesBuildPhase;
			buildActionMask = 2147483647;
			files = (
				637898CF248C8B3000EFD744 /* Test3Tests.swift in Sources */,
			);
			runOnlyForDeploymentPostprocessing = 0;
		};
		637898D1248C8B3000EFD744 /* Sources */ = {
			isa = PBXSourcesBuildPhase;
			buildActionMask = 2147483647;
			files = (
				637898DA248C8B3000EFD744 /* Test3UITests.swift in Sources */,
			);
			runOnlyForDeploymentPostprocessing = 0;
		};
/* End PBXSourcesBuildPhase section */

/* Begin PBXTargetDependency section */
		637898CC248C8B3000EFD744 /* PBXTargetDependency */ = {
			isa = PBXTargetDependency;
			target = 637898B3248C8B2E00EFD744 /* Test3 */;
			targetProxy = 637898CB248C8B3000EFD744 /* PBXContainerItemProxy */;
		};
		637898D7248C8B3000EFD744 /* PBXTargetDependency */ = {
			isa = PBXTargetDependency;
			target = 637898B3248C8B2E00EFD744 /* Test3 */;
			targetProxy = 637898D6248C8B3000EFD744 /* PBXContainerItemProxy */;
		};
/* End PBXTargetDependency section */

/* Begin PBXVariantGroup section */
		637898BD248C8B2E00EFD744 /* Main.storyboard */ = {
			isa = PBXVariantGroup;
			children = (
				637898BE248C8B2E00EFD744 /* Base */,
			);
			name = Main.storyboard;
			sourceTree = "<group>";
		};
		637898C2248C8B3000EFD744 /* LaunchScreen.storyboard */ = {
			isa = PBXVariantGroup;
			children = (
				637898C3248C8B3000EFD744 /* Base */,
			);
			name = LaunchScreen.storyboard;
			sourceTree = "<group>";
		};
/* End PBXVariantGroup section */

/* Begin XCBuildConfiguration section */
		637898DC248C8B3000EFD744 /* Debug */ = {
			isa = XCBuildConfiguration;
			buildSettings = {
				ALWAYS_SEARCH_USER_PATHS = NO;
				CLANG_ANALYZER_NONNULL = YES;
				CLANG_ANALYZER_NUMBER_OBJECT_CONVERSION = YES_AGGRESSIVE;
				CLANG_CXX_LANGUAGE_STANDARD = "gnu++14";
				CLANG_CXX_LIBRARY = "libc++";
				CLANG_ENABLE_MODULES = YES;
				CLANG_ENABLE_OBJC_ARC = YES;
				CLANG_ENABLE_OBJC_WEAK = YES;
				CLANG_WARN_BLOCK_CAPTURE_AUTORELEASING = YES;
				CLANG_WARN_BOOL_CONVERSION = YES;
				CLANG_WARN_COMMA = YES;
				CLANG_WARN_CONSTANT_CONVERSION = YES;
				CLANG_WARN_DEPRECATED_OBJC_IMPLEMENTATIONS = YES;
				CLANG_WARN_DIRECT_OBJC_ISA_USAGE = YES_ERROR;
				CLANG_WARN_DOCUMENTATION_COMMENTS = YES;
				CLANG_WARN_EMPTY_BODY = YES;
				CLANG_WARN_ENUM_CONVERSION = YES;
				CLANG_WARN_INFINITE_RECURSION = YES;
				CLANG_WARN_INT_CONVERSION = YES;
				CLANG_WARN_NON_LITERAL_NULL_CONVERSION = YES;
				CLANG_WARN_OBJC_IMPLICIT_RETAIN_SELF = YES;
				CLANG_WARN_OBJC_LITERAL_CONVERSION = YES;
				CLANG_WARN_OBJC_ROOT_CLASS = YES_ERROR;
				CLANG_WARN_RANGE_LOOP_ANALYSIS = YES;
				CLANG_WARN_STRICT_PROTOTYPES = YES;
				CLANG_WARN_SUSPICIOUS_MOVE = YES;
				CLANG_WARN_UNGUARDED_AVAILABILITY = YES_AGGRESSIVE;
				CLANG_WARN_UNREACHABLE_CODE = YES;
				CLANG_WARN__DUPLICATE_METHOD_MATCH = YES;
				COPY_PHASE_STRIP = NO;
				DEBUG_INFORMATION_FORMAT = dwarf;
				ENABLE_STRICT_OBJC_MSGSEND = YES;
				ENABLE_TESTABILITY = YES;
				GCC_C_LANGUAGE_STANDARD = gnu11;
				GCC_DYNAMIC_NO_PIC = NO;
				GCC_NO_COMMON_BLOCKS = YES;
				GCC_OPTIMIZATION_LEVEL = 0;
				GCC_PREPROCESSOR_DEFINITIONS = (
					"DEBUG=1",
					"$(inherited)",
				);
				GCC_WARN_64_TO_32_BIT_CONVERSION = YES;
				GCC_WARN_ABOUT_RETURN_TYPE = YES_ERROR;
				GCC_WARN_UNDECLARED_SELECTOR = YES;
				GCC_WARN_UNINITIALIZED_AUTOS = YES_AGGRESSIVE;
				GCC_WARN_UNUSED_FUNCTION = YES;
				GCC_WARN_UNUSED_VARIABLE = YES;
				IPHONEOS_DEPLOYMENT_TARGET = 13.5;
				MTL_ENABLE_DEBUG_INFO = INCLUDE_SOURCE;
				MTL_FAST_MATH = YES;
				ONLY_ACTIVE_ARCH = YES;
				SDKROOT = iphoneos;
				SWIFT_ACTIVE_COMPILATION_CONDITIONS = DEBUG;
				SWIFT_OPTIMIZATION_LEVEL = "-Onone";
			};
			name = Debug;
		};
		637898DD248C8B3000EFD744 /* Release */ = {
			isa = XCBuildConfiguration;
			buildSettings = {
				ALWAYS_SEARCH_USER_PATHS = NO;
				CLANG_ANALYZER_NONNULL = YES;
				CLANG_ANALYZER_NUMBER_OBJECT_CONVERSION = YES_AGGRESSIVE;
				CLANG_CXX_LANGUAGE_STANDARD = "gnu++14";
				CLANG_CXX_LIBRARY = "libc++";
				CLANG_ENABLE_MODULES = YES;
				CLANG_ENABLE_OBJC_ARC = YES;
				CLANG_ENABLE_OBJC_WEAK = YES;
				CLANG_WARN_BLOCK_CAPTURE_AUTORELEASING = YES;
				CLANG_WARN_BOOL_CONVERSION = YES;
				CLANG_WARN_COMMA = YES;
				CLANG_WARN_CONSTANT_CONVERSION = YES;
				CLANG_WARN_DEPRECATED_OBJC_IMPLEMENTATIONS = YES;
				CLANG_WARN_DIRECT_OBJC_ISA_USAGE = YES_ERROR;
				CLANG_WARN_DOCUMENTATION_COMMENTS = YES;
				CLANG_WARN_EMPTY_BODY = YES;
				CLANG_WARN_ENUM_CONVERSION = YES;
				CLANG_WARN_INFINITE_RECURSION = YES;
				CLANG_WARN_INT_CONVERSION = YES;
				CLANG_WARN_NON_LITERAL_NULL_CONVERSION = YES;
				CLANG_WARN_OBJC_IMPLICIT_RETAIN_SELF = YES;
				CLANG_WARN_OBJC_LITERAL_CONVERSION = YES;
				CLANG_WARN_OBJC_ROOT_CLASS = YES_ERROR;
				CLANG_WARN_RANGE_LOOP_ANALYSIS = YES;
				CLANG_WARN_STRICT_PROTOTYPES = YES;
				CLANG_WARN_SUSPICIOUS_MOVE = YES;
				CLANG_WARN_UNGUARDED_AVAILABILITY = YES_AGGRESSIVE;
				CLANG_WARN_UNREACHABLE_CODE = YES;
				CLANG_WARN__DUPLICATE_METHOD_MATCH = YES;
				COPY_PHASE_STRIP = NO;
				DEBUG_INFORMATION_FORMAT = "dwarf-with-dsym";
				ENABLE_NS_ASSERTIONS = NO;
				ENABLE_STRICT_OBJC_MSGSEND = YES;
				GCC_C_LANGUAGE_STANDARD = gnu11;
				GCC_NO_COMMON_BLOCKS = YES;
				GCC_WARN_64_TO_32_BIT_CONVERSION = YES;
				GCC_WARN_ABOUT_RETURN_TYPE = YES_ERROR;
				GCC_WARN_UNDECLARED_SELECTOR = YES;
				GCC_WARN_UNINITIALIZED_AUTOS = YES_AGGRESSIVE;
				GCC_WARN_UNUSED_FUNCTION = YES;
				GCC_WARN_UNUSED_VARIABLE = YES;
				IPHONEOS_DEPLOYMENT_TARGET = 13.5;
				MTL_ENABLE_DEBUG_INFO = NO;
				MTL_FAST_MATH = YES;
				SDKROOT = iphoneos;
				SWIFT_COMPILATION_MODE = wholemodule;
				SWIFT_OPTIMIZATION_LEVEL = "-O";
				VALIDATE_PRODUCT = YES;
			};
			name = Release;
		};
		637898DF248C8B3000EFD744 /* Debug */ = {
			isa = XCBuildConfiguration;
			buildSettings = {
				ASSETCATALOG_COMPILER_APPICON_NAME = AppIcon;
				CODE_SIGN_STYLE = Automatic;
				INFOPLIST_FILE = Test3/Info.plist;
				LD_RUNPATH_SEARCH_PATHS = (
					"$(inherited)",
					"@executable_path/Frameworks",
				);
				PRODUCT_BUNDLE_IDENTIFIER = maya.Test3;
				PRODUCT_NAME = "$(TARGET_NAME)";
				SWIFT_VERSION = 5.0;
				TARGETED_DEVICE_FAMILY = "1,2";
			};
			name = Debug;
		};
		637898E0248C8B3000EFD744 /* Release */ = {
			isa = XCBuildConfiguration;
			buildSettings = {
				ASSETCATALOG_COMPILER_APPICON_NAME = AppIcon;
				CODE_SIGN_STYLE = Automatic;
				INFOPLIST_FILE = Test3/Info.plist;
				LD_RUNPATH_SEARCH_PATHS = (
					"$(inherited)",
					"@executable_path/Frameworks",
				);
				PRODUCT_BUNDLE_IDENTIFIER = maya.Test3;
				PRODUCT_NAME = "$(TARGET_NAME)";
				SWIFT_VERSION = 5.0;
				TARGETED_DEVICE_FAMILY = "1,2";
			};
			name = Release;
		};
		637898E2248C8B3000EFD744 /* Debug */ = {
			isa = XCBuildConfiguration;
			buildSettings = {
				ALWAYS_EMBED_SWIFT_STANDARD_LIBRARIES = YES;
				BUNDLE_LOADER = "$(TEST_HOST)";
				CODE_SIGN_STYLE = Automatic;
				INFOPLIST_FILE = Test3Tests/Info.plist;
				IPHONEOS_DEPLOYMENT_TARGET = 13.5;
				LD_RUNPATH_SEARCH_PATHS = (
					"$(inherited)",
					"@executable_path/Frameworks",
					"@loader_path/Frameworks",
				);
				PRODUCT_BUNDLE_IDENTIFIER = maya.Test3Tests;
				PRODUCT_NAME = "$(TARGET_NAME)";
				SWIFT_VERSION = 5.0;
				TARGETED_DEVICE_FAMILY = "1,2";
				TEST_HOST = "$(BUILT_PRODUCTS_DIR)/Test3.app/Test3";
			};
			name = Debug;
		};
		637898E3248C8B3000EFD744 /* Release */ = {
			isa = XCBuildConfiguration;
			buildSettings = {
				ALWAYS_EMBED_SWIFT_STANDARD_LIBRARIES = YES;
				BUNDLE_LOADER = "$(TEST_HOST)";
				CODE_SIGN_STYLE = Automatic;
				INFOPLIST_FILE = Test3Tests/Info.plist;
				IPHONEOS_DEPLOYMENT_TARGET = 13.5;
				LD_RUNPATH_SEARCH_PATHS = (
					"$(inherited)",
					"@executable_path/Frameworks",
					"@loader_path/Frameworks",
				);
				PRODUCT_BUNDLE_IDENTIFIER = maya.Test3Tests;
				PRODUCT_NAME = "$(TARGET_NAME)";
				SWIFT_VERSION = 5.0;
				TARGETED_DEVICE_FAMILY = "1,2";
				TEST_HOST = "$(BUILT_PRODUCTS_DIR)/Test3.app/Test3";
			};
			name = Release;
		};
		637898E5248C8B3000EFD744 /* Debug */ = {
			isa = XCBuildConfiguration;
			buildSettings = {
				ALWAYS_EMBED_SWIFT_STANDARD_LIBRARIES = YES;
				CODE_SIGN_STYLE = Automatic;
				INFOPLIST_FILE = Test3UITests/Info.plist;
				LD_RUNPATH_SEARCH_PATHS = (
					"$(inherited)",
					"@executable_path/Frameworks",
					"@loader_path/Frameworks",
				);
				PRODUCT_BUNDLE_IDENTIFIER = maya.Test3UITests;
				PRODUCT_NAME = "$(TARGET_NAME)";
				SWIFT_VERSION = 5.0;
				TARGETED_DEVICE_FAMILY = "1,2";
				TEST_TARGET_NAME = Test3;
			};
			name = Debug;
		};
		637898E6248C8B3000EFD744 /* Release */ = {
			isa = XCBuildConfiguration;
			buildSettings = {
				ALWAYS_EMBED_SWIFT_STANDARD_LIBRARIES = YES;
				CODE_SIGN_STYLE = Automatic;
				INFOPLIST_FILE = Test3UITests/Info.plist;
				LD_RUNPATH_SEARCH_PATHS = (
					"$(inherited)",
					"@executable_path/Frameworks",
					"@loader_path/Frameworks",
				);
				PRODUCT_BUNDLE_IDENTIFIER = maya.Test3UITests;
				PRODUCT_NAME = "$(TARGET_NAME)";
				SWIFT_VERSION = 5.0;
				TARGETED_DEVICE_FAMILY = "1,2";
				TEST_TARGET_NAME = Test3;
			};
			name = Release;
		};
/* End XCBuildConfiguration section */

/* Begin XCConfigurationList section */
		637898AF248C8B2E00EFD744 /* Build configuration list for PBXProject "Test3" */ = {
			isa = XCConfigurationList;
			buildConfigurations = (
				637898DC248C8B3000EFD744 /* Debug */,
				637898DD248C8B3000EFD744 /* Release */,
			);
			defaultConfigurationIsVisible = 0;
			defaultConfigurationName = Release;
		};
		637898DE248C8B3000EFD744 /* Build configuration list for PBXNativeTarget "Test3" */ = {
			isa = XCConfigurationList;
			buildConfigurations = (
				637898DF248C8B3000EFD744 /* Debug */,
				637898E0248C8B3000EFD744 /* Release */,
			);
			defaultConfigurationIsVisible = 0;
			defaultConfigurationName = Release;
		};
		637898E1248C8B3000EFD744 /* Build configuration list for PBXNativeTarget "Test3Tests" */ = {
			isa = XCConfigurationList;
			buildConfigurations = (
				637898E2248C8B3000EFD744 /* Debug */,
				637898E3248C8B3000EFD744 /* Release */,
			);
			defaultConfigurationIsVisible = 0;
			defaultConfigurationName = Release;
		};
		637898E4248C8B3000EFD744 /* Build configuration list for PBXNativeTarget "Test3UITests" */ = {
			isa = XCConfigurationList;
			buildConfigurations = (
				637898E5248C8B3000EFD744 /* Debug */,
				637898E6248C8B3000EFD744 /* Release */,
			);
			defaultConfigurationIsVisible = 0;
			defaultConfigurationName = Release;
		};
/* End XCConfigurationList section */
	};
	rootObject = 637898AC248C8B2E00EFD744 /* Project object */;
}
